
Microsoft Visual Studio Solution File, Format Version 12.00
# Visual Studio 2012
Project("{FAE04EC0-301F-11D3-BF4B-00C04F79EFBC}") = "scratchpad_tests", "scratchpad_tests\scratchpad_tests.csproj", "{13ECC736-3A13-48BD-AC2D-6281A900F733}"
EndProject
Global
	GlobalSection(SolutionConfigurationPlatforms) = preSolution
		Debug|x86 = Debug|x86
		Release|x86 = Release|x86
	EndGlobalSection
	GlobalSection(ProjectConfigurationPlatforms) = postSolution
		{13ECC736-3A13-48BD-AC2D-6281A900F733}.Debug|x86.ActiveCfg = Debug|Any CPU
		{13ECC736-3A13-48BD-AC2D-6281A900F733}.Debug|x86.Build.0 = Debug|Any CPU
		{13ECC736-3A13-48BD-AC2D-6281A900F733}.Release|x86.ActiveCfg = Release|Any CPU
		{13ECC736-3A13-48BD-AC2D-6281A900F733}.Release|x86.Build.0 = Release|Any CPU
	EndGlobalSection
EndGlobal
